// !$*UTF8*$!
{
	archiveVersion = 1;
	classes = {
	};
	objectVersion = 55;
	objects = {

/* Begin PBXBuildFile section */
		4A72B2F328722397009D57E6 /* Tests_iOS.swift in Sources */ = {isa = PBXBuildFile; fileRef = 4A72B2F228722397009D57E6 /* Tests_iOS.swift */; };
		4A72B2F528722397009D57E6 /* Tests_iOSLaunchTests.swift in Sources */ = {isa = PBXBuildFile; fileRef = 4A72B2F428722397009D57E6 /* Tests_iOSLaunchTests.swift */; };
		4A72B2FF28722397009D57E6 /* Tests_macOS.swift in Sources */ = {isa = PBXBuildFile; fileRef = 4A72B2FE28722397009D57E6 /* Tests_macOS.swift */; };
		4A72B30128722397009D57E6 /* Tests_macOSLaunchTests.swift in Sources */ = {isa = PBXBuildFile; fileRef = 4A72B30028722397009D57E6 /* Tests_macOSLaunchTests.swift */; };
		4A72B30228722397009D57E6 /* reggieApp.swift in Sources */ = {isa = PBXBuildFile; fileRef = 4A72B2DA28722394009D57E6 /* reggieApp.swift */; };
		4A72B30328722397009D57E6 /* reggieApp.swift in Sources */ = {isa = PBXBuildFile; fileRef = 4A72B2DA28722394009D57E6 /* reggieApp.swift */; };
		4A72B30428722397009D57E6 /* ContentView.swift in Sources */ = {isa = PBXBuildFile; fileRef = 4A72B2DB28722394009D57E6 /* ContentView.swift */; };
		4A72B30528722397009D57E6 /* ContentView.swift in Sources */ = {isa = PBXBuildFile; fileRef = 4A72B2DB28722394009D57E6 /* ContentView.swift */; };
		4A72B30628722397009D57E6 /* Assets.xcassets in Resources */ = {isa = PBXBuildFile; fileRef = 4A72B2DC28722397009D57E6 /* Assets.xcassets */; };
		4A72B30728722397009D57E6 /* Assets.xcassets in Resources */ = {isa = PBXBuildFile; fileRef = 4A72B2DC28722397009D57E6 /* Assets.xcassets */; };
/* End PBXBuildFile section */

/* Begin PBXContainerItemProxy section */
		4A72B2EF28722397009D57E6 /* PBXContainerItemProxy */ = {
			isa = PBXContainerItemProxy;
			containerPortal = 4A72B2D528722393009D57E6 /* Project object */;
			proxyType = 1;
			remoteGlobalIDString = 4A72B2E028722397009D57E6;
			remoteInfo = "reggie (iOS)";
		};
		4A72B2FB28722397009D57E6 /* PBXContainerItemProxy */ = {
			isa = PBXContainerItemProxy;
			containerPortal = 4A72B2D528722393009D57E6 /* Project object */;
			proxyType = 1;
			remoteGlobalIDString = 4A72B2E628722397009D57E6;
			remoteInfo = "reggie (macOS)";
		};
/* End PBXContainerItemProxy section */

/* Begin PBXFileReference section */
		4A72B2DA28722394009D57E6 /* reggieApp.swift */ = {isa = PBXFileReference; lastKnownFileType = sourcecode.swift; path = reggieApp.swift; sourceTree = "<group>"; };
		4A72B2DB28722394009D57E6 /* ContentView.swift */ = {isa = PBXFileReference; lastKnownFileType = sourcecode.swift; path = ContentView.swift; sourceTree = "<group>"; };
		4A72B2DC28722397009D57E6 /* Assets.xcassets */ = {isa = PBXFileReference; lastKnownFileType = folder.assetcatalog; path = Assets.xcassets; sourceTree = "<group>"; };
		4A72B2E128722397009D57E6 /* reggie.app */ = {isa = PBXFileReference; explicitFileType = wrapper.application; includeInIndex = 0; path = reggie.app; sourceTree = BUILT_PRODUCTS_DIR; };
		4A72B2E728722397009D57E6 /* reggie.app */ = {isa = PBXFileReference; explicitFileType = wrapper.application; includeInIndex = 0; path = reggie.app; sourceTree = BUILT_PRODUCTS_DIR; };
		4A72B2E928722397009D57E6 /* macOS.entitlements */ = {isa = PBXFileReference; lastKnownFileType = text.plist.entitlements; path = macOS.entitlements; sourceTree = "<group>"; };
		4A72B2EE28722397009D57E6 /* Tests iOS.xctest */ = {isa = PBXFileReference; explicitFileType = wrapper.cfbundle; includeInIndex = 0; path = "Tests iOS.xctest"; sourceTree = BUILT_PRODUCTS_DIR; };
		4A72B2F228722397009D57E6 /* Tests_iOS.swift */ = {isa = PBXFileReference; lastKnownFileType = sourcecode.swift; path = Tests_iOS.swift; sourceTree = "<group>"; };
		4A72B2F428722397009D57E6 /* Tests_iOSLaunchTests.swift */ = {isa = PBXFileReference; lastKnownFileType = sourcecode.swift; path = Tests_iOSLaunchTests.swift; sourceTree = "<group>"; };
		4A72B2FA28722397009D57E6 /* Tests macOS.xctest */ = {isa = PBXFileReference; explicitFileType = wrapper.cfbundle; includeInIndex = 0; path = "Tests macOS.xctest"; sourceTree = BUILT_PRODUCTS_DIR; };
		4A72B2FE28722397009D57E6 /* Tests_macOS.swift */ = {isa = PBXFileReference; lastKnownFileType = sourcecode.swift; path = Tests_macOS.swift; sourceTree = "<group>"; };
		4A72B30028722397009D57E6 /* Tests_macOSLaunchTests.swift */ = {isa = PBXFileReference; lastKnownFileType = sourcecode.swift; path = Tests_macOSLaunchTests.swift; sourceTree = "<group>"; };
/* End PBXFileReference section */

/* Begin PBXFrameworksBuildPhase section */
		4A72B2DE28722397009D57E6 /* Frameworks */ = {
			isa = PBXFrameworksBuildPhase;
			buildActionMask = 2147483647;
			files = (
			);
			runOnlyForDeploymentPostprocessing = 0;
		};
		4A72B2E428722397009D57E6 /* Frameworks */ = {
			isa = PBXFrameworksBuildPhase;
			buildActionMask = 2147483647;
			files = (
			);
			runOnlyForDeploymentPostprocessing = 0;
		};
		4A72B2EB28722397009D57E6 /* Frameworks */ = {
			isa = PBXFrameworksBuildPhase;
			buildActionMask = 2147483647;
			files = (
			);
			runOnlyForDeploymentPostprocessing = 0;
		};
		4A72B2F728722397009D57E6 /* Frameworks */ = {
			isa = PBXFrameworksBuildPhase;
			buildActionMask = 2147483647;
			files = (
			);
			runOnlyForDeploymentPostprocessing = 0;
		};
/* End PBXFrameworksBuildPhase section */

/* Begin PBXGroup section */
		4A72B2D428722393009D57E6 = {
			isa = PBXGroup;
			children = (
				4A72B2D928722394009D57E6 /* Shared */,
				4A72B2E828722397009D57E6 /* macOS */,
				4A72B2F128722397009D57E6 /* Tests iOS */,
				4A72B2FD28722397009D57E6 /* Tests macOS */,
				4A72B2E228722397009D57E6 /* Products */,
			);
			sourceTree = "<group>";
		};
		4A72B2D928722394009D57E6 /* Shared */ = {
			isa = PBXGroup;
			children = (
				4A72B2DA28722394009D57E6 /* reggieApp.swift */,
				4A72B2DB28722394009D57E6 /* ContentView.swift */,
				4A72B2DC28722397009D57E6 /* Assets.xcassets */,
			);
			path = Shared;
			sourceTree = "<group>";
		};
		4A72B2E228722397009D57E6 /* Products */ = {
			isa = PBXGroup;
			children = (
				4A72B2E128722397009D57E6 /* reggie.app */,
				4A72B2E728722397009D57E6 /* reggie.app */,
				4A72B2EE28722397009D57E6 /* Tests iOS.xctest */,
				4A72B2FA28722397009D57E6 /* Tests macOS.xctest */,
			);
			name = Products;
			sourceTree = "<group>";
		};
		4A72B2E828722397009D57E6 /* macOS */ = {
			isa = PBXGroup;
			children = (
				4A72B2E928722397009D57E6 /* macOS.entitlements */,
			);
			path = macOS;
			sourceTree = "<group>";
		};
		4A72B2F128722397009D57E6 /* Tests iOS */ = {
			isa = PBXGroup;
			children = (
				4A72B2F228722397009D57E6 /* Tests_iOS.swift */,
				4A72B2F428722397009D57E6 /* Tests_iOSLaunchTests.swift */,
			);
			path = "Tests iOS";
			sourceTree = "<group>";
		};
		4A72B2FD28722397009D57E6 /* Tests macOS */ = {
			isa = PBXGroup;
			children = (
				4A72B2FE28722397009D57E6 /* Tests_macOS.swift */,
				4A72B30028722397009D57E6 /* Tests_macOSLaunchTests.swift */,
			);
			path = "Tests macOS";
			sourceTree = "<group>";
		};
/* End PBXGroup section */

/* Begin PBXNativeTarget section */
		4A72B2E028722397009D57E6 /* reggie (iOS) */ = {
			isa = PBXNativeTarget;
			buildConfigurationList = 4A72B30A28722397009D57E6 /* Build configuration list for PBXNativeTarget "reggie (iOS)" */;
			buildPhases = (
				4A72B2DD28722397009D57E6 /* Sources */,
				4A72B2DE28722397009D57E6 /* Frameworks */,
				4A72B2DF28722397009D57E6 /* Resources */,
			);
			buildRules = (
			);
			dependencies = (
			);
			name = "reggie (iOS)";
			productName = "reggie (iOS)";
			productReference = 4A72B2E128722397009D57E6 /* reggie.app */;
			productType = "com.apple.product-type.application";
		};
		4A72B2E628722397009D57E6 /* reggie (macOS) */ = {
			isa = PBXNativeTarget;
			buildConfigurationList = 4A72B30D28722397009D57E6 /* Build configuration list for PBXNativeTarget "reggie (macOS)" */;
			buildPhases = (
				4A72B2E328722397009D57E6 /* Sources */,
				4A72B2E428722397009D57E6 /* Frameworks */,
				4A72B2E528722397009D57E6 /* Resources */,
			);
			buildRules = (
			);
			dependencies = (
			);
			name = "reggie (macOS)";
			productName = "reggie (macOS)";
			productReference = 4A72B2E728722397009D57E6 /* reggie.app */;
			productType = "com.apple.product-type.application";
		};
		4A72B2ED28722397009D57E6 /* Tests iOS */ = {
			isa = PBXNativeTarget;
			buildConfigurationList = 4A72B31028722397009D57E6 /* Build configuration list for PBXNativeTarget "Tests iOS" */;
			buildPhases = (
				4A72B2EA28722397009D57E6 /* Sources */,
				4A72B2EB28722397009D57E6 /* Frameworks */,
				4A72B2EC28722397009D57E6 /* Resources */,
			);
			buildRules = (
			);
			dependencies = (
				4A72B2F028722397009D57E6 /* PBXTargetDependency */,
			);
			name = "Tests iOS";
			productName = "Tests iOS";
			productReference = 4A72B2EE28722397009D57E6 /* Tests iOS.xctest */;
			productType = "com.apple.product-type.bundle.ui-testing";
		};
		4A72B2F928722397009D57E6 /* Tests macOS */ = {
			isa = PBXNativeTarget;
			buildConfigurationList = 4A72B31328722397009D57E6 /* Build configuration list for PBXNativeTarget "Tests macOS" */;
			buildPhases = (
				4A72B2F628722397009D57E6 /* Sources */,
				4A72B2F728722397009D57E6 /* Frameworks */,
				4A72B2F828722397009D57E6 /* Resources */,
			);
			buildRules = (
			);
			dependencies = (
				4A72B2FC28722397009D57E6 /* PBXTargetDependency */,
			);
			name = "Tests macOS";
			productName = "Tests macOS";
			productReference = 4A72B2FA28722397009D57E6 /* Tests macOS.xctest */;
			productType = "com.apple.product-type.bundle.ui-testing";
		};
/* End PBXNativeTarget section */

/* Begin PBXProject section */
		4A72B2D528722393009D57E6 /* Project object */ = {
			isa = PBXProject;
			attributes = {
				BuildIndependentTargetsInParallel = 1;
				LastSwiftUpdateCheck = 1340;
				LastUpgradeCheck = 1340;
				TargetAttributes = {
					4A72B2E028722397009D57E6 = {
						CreatedOnToolsVersion = 13.4.1;
					};
					4A72B2E628722397009D57E6 = {
						CreatedOnToolsVersion = 13.4.1;
					};
					4A72B2ED28722397009D57E6 = {
						CreatedOnToolsVersion = 13.4.1;
						TestTargetID = 4A72B2E028722397009D57E6;
					};
					4A72B2F928722397009D57E6 = {
						CreatedOnToolsVersion = 13.4.1;
						TestTargetID = 4A72B2E628722397009D57E6;
					};
				};
			};
			buildConfigurationList = 4A72B2D828722393009D57E6 /* Build configuration list for PBXProject "reggie" */;
			compatibilityVersion = "Xcode 13.0";
			developmentRegion = en;
			hasScannedForEncodings = 0;
			knownRegions = (
				en,
				Base,
			);
			mainGroup = 4A72B2D428722393009D57E6;
			productRefGroup = 4A72B2E228722397009D57E6 /* Products */;
			projectDirPath = "";
			projectRoot = "";
			targets = (
				4A72B2E028722397009D57E6 /* reggie (iOS) */,
				4A72B2E628722397009D57E6 /* reggie (macOS) */,
				4A72B2ED28722397009D57E6 /* Tests iOS */,
				4A72B2F928722397009D57E6 /* Tests macOS */,
			);
		};
/* End PBXProject section */

/* Begin PBXResourcesBuildPhase section */
		4A72B2DF28722397009D57E6 /* Resources */ = {
			isa = PBXResourcesBuildPhase;
			buildActionMask = 2147483647;
			files = (
				4A72B30628722397009D57E6 /* Assets.xcassets in Resources */,
			);
			runOnlyForDeploymentPostprocessing = 0;
		};
		4A72B2E528722397009D57E6 /* Resources */ = {
			isa = PBXResourcesBuildPhase;
			buildActionMask = 2147483647;
			files = (
				4A72B30728722397009D57E6 /* Assets.xcassets in Resources */,
			);
			runOnlyForDeploymentPostprocessing = 0;
		};
		4A72B2EC28722397009D57E6 /* Resources */ = {
			isa = PBXResourcesBuildPhase;
			buildActionMask = 2147483647;
			files = (
			);
			runOnlyForDeploymentPostprocessing = 0;
		};
		4A72B2F828722397009D57E6 /* Resources */ = {
			isa = PBXResourcesBuildPhase;
			buildActionMask = 2147483647;
			files = (
			);
			runOnlyForDeploymentPostprocessing = 0;
		};
/* End PBXResourcesBuildPhase section */

/* Begin PBXSourcesBuildPhase section */
		4A72B2DD28722397009D57E6 /* Sources */ = {
			isa = PBXSourcesBuildPhase;
			buildActionMask = 2147483647;
			files = (
				4A72B30428722397009D57E6 /* ContentView.swift in Sources */,
				4A72B30228722397009D57E6 /* reggieApp.swift in Sources */,
			);
			runOnlyForDeploymentPostprocessing = 0;
		};
		4A72B2E328722397009D57E6 /* Sources */ = {
			isa = PBXSourcesBuildPhase;
			buildActionMask = 2147483647;
			files = (
				4A72B30528722397009D57E6 /* ContentView.swift in Sources */,
				4A72B30328722397009D57E6 /* reggieApp.swift in Sources */,
			);
			runOnlyForDeploymentPostprocessing = 0;
		};
		4A72B2EA28722397009D57E6 /* Sources */ = {
			isa = PBXSourcesBuildPhase;
			buildActionMask = 2147483647;
			files = (
				4A72B2F528722397009D57E6 /* Tests_iOSLaunchTests.swift in Sources */,
				4A72B2F328722397009D57E6 /* Tests_iOS.swift in Sources */,
			);
			runOnlyForDeploymentPostprocessing = 0;
		};
		4A72B2F628722397009D57E6 /* Sources */ = {
			isa = PBXSourcesBuildPhase;
			buildActionMask = 2147483647;
			files = (
				4A72B30128722397009D57E6 /* Tests_macOSLaunchTests.swift in Sources */,
				4A72B2FF28722397009D57E6 /* Tests_macOS.swift in Sources */,
			);
			runOnlyForDeploymentPostprocessing = 0;
		};
/* End PBXSourcesBuildPhase section */

/* Begin PBXTargetDependency section */
		4A72B2F028722397009D57E6 /* PBXTargetDependency */ = {
			isa = PBXTargetDependency;
			target = 4A72B2E028722397009D57E6 /* reggie (iOS) */;
			targetProxy = 4A72B2EF28722397009D57E6 /* PBXContainerItemProxy */;
		};
		4A72B2FC28722397009D57E6 /* PBXTargetDependency */ = {
			isa = PBXTargetDependency;
			target = 4A72B2E628722397009D57E6 /* reggie (macOS) */;
			targetProxy = 4A72B2FB28722397009D57E6 /* PBXContainerItemProxy */;
		};
/* End PBXTargetDependency section */

/* Begin XCBuildConfiguration section */
		4A72B30828722397009D57E6 /* Debug */ = {
			isa = XCBuildConfiguration;
			buildSettings = {
				ALWAYS_SEARCH_USER_PATHS = NO;
				CLANG_ANALYZER_NONNULL = YES;
				CLANG_ANALYZER_NUMBER_OBJECT_CONVERSION = YES_AGGRESSIVE;
				CLANG_CXX_LANGUAGE_STANDARD = "gnu++17";
				CLANG_ENABLE_MODULES = YES;
				CLANG_ENABLE_OBJC_ARC = YES;
				CLANG_ENABLE_OBJC_WEAK = YES;
				CLANG_WARN_BLOCK_CAPTURE_AUTORELEASING = YES;
				CLANG_WARN_BOOL_CONVERSION = YES;
				CLANG_WARN_COMMA = YES;
				CLANG_WARN_CONSTANT_CONVERSION = YES;
				CLANG_WARN_DEPRECATED_OBJC_IMPLEMENTATIONS = YES;
				CLANG_WARN_DIRECT_OBJC_ISA_USAGE = YES_ERROR;
				CLANG_WARN_DOCUMENTATION_COMMENTS = YES;
				CLANG_WARN_EMPTY_BODY = YES;
				CLANG_WARN_ENUM_CONVERSION = YES;
				CLANG_WARN_INFINITE_RECURSION = YES;
				CLANG_WARN_INT_CONVERSION = YES;
				CLANG_WARN_NON_LITERAL_NULL_CONVERSION = YES;
				CLANG_WARN_OBJC_IMPLICIT_RETAIN_SELF = YES;
				CLANG_WARN_OBJC_LITERAL_CONVERSION = YES;
				CLANG_WARN_OBJC_ROOT_CLASS = YES_ERROR;
				CLANG_WARN_QUOTED_INCLUDE_IN_FRAMEWORK_HEADER = YES;
				CLANG_WARN_RANGE_LOOP_ANALYSIS = YES;
				CLANG_WARN_STRICT_PROTOTYPES = YES;
				CLANG_WARN_SUSPICIOUS_MOVE = YES;
				CLANG_WARN_UNGUARDED_AVAILABILITY = YES_AGGRESSIVE;
				CLANG_WARN_UNREACHABLE_CODE = YES;
				CLANG_WARN__DUPLICATE_METHOD_MATCH = YES;
				COPY_PHASE_STRIP = NO;
				DEBUG_INFORMATION_FORMAT = dwarf;
				ENABLE_STRICT_OBJC_MSGSEND = YES;
				ENABLE_TESTABILITY = YES;
				GCC_C_LANGUAGE_STANDARD = gnu11;
				GCC_DYNAMIC_NO_PIC = NO;
				GCC_NO_COMMON_BLOCKS = YES;
				GCC_OPTIMIZATION_LEVEL = 0;
				GCC_PREPROCESSOR_DEFINITIONS = (
					"DEBUG=1",
					"$(inherited)",
				);
				GCC_WARN_64_TO_32_BIT_CONVERSION = YES;
				GCC_WARN_ABOUT_RETURN_TYPE = YES_ERROR;
				GCC_WARN_UNDECLARED_SELECTOR = YES;
				GCC_WARN_UNINITIALIZED_AUTOS = YES_AGGRESSIVE;
				GCC_WARN_UNUSED_FUNCTION = YES;
				GCC_WARN_UNUSED_VARIABLE = YES;
				MTL_ENABLE_DEBUG_INFO = INCLUDE_SOURCE;
				MTL_FAST_MATH = YES;
				ONLY_ACTIVE_ARCH = YES;
				SWIFT_ACTIVE_COMPILATION_CONDITIONS = DEBUG;
				SWIFT_OPTIMIZATION_LEVEL = "-Onone";
			};
			name = Debug;
		};
		4A72B30928722397009D57E6 /* Release */ = {
			isa = XCBuildConfiguration;
			buildSettings = {
				ALWAYS_SEARCH_USER_PATHS = NO;
				CLANG_ANALYZER_NONNULL = YES;
				CLANG_ANALYZER_NUMBER_OBJECT_CONVERSION = YES_AGGRESSIVE;
				CLANG_CXX_LANGUAGE_STANDARD = "gnu++17";
				CLANG_ENABLE_MODULES = YES;
				CLANG_ENABLE_OBJC_ARC = YES;
				CLANG_ENABLE_OBJC_WEAK = YES;
				CLANG_WARN_BLOCK_CAPTURE_AUTORELEASING = YES;
				CLANG_WARN_BOOL_CONVERSION = YES;
				CLANG_WARN_COMMA = YES;
				CLANG_WARN_CONSTANT_CONVERSION = YES;
				CLANG_WARN_DEPRECATED_OBJC_IMPLEMENTATIONS = YES;
				CLANG_WARN_DIRECT_OBJC_ISA_USAGE = YES_ERROR;
				CLANG_WARN_DOCUMENTATION_COMMENTS = YES;
				CLANG_WARN_EMPTY_BODY = YES;
				CLANG_WARN_ENUM_CONVERSION = YES;
				CLANG_WARN_INFINITE_RECURSION = YES;
				CLANG_WARN_INT_CONVERSION = YES;
				CLANG_WARN_NON_LITERAL_NULL_CONVERSION = YES;
				CLANG_WARN_OBJC_IMPLICIT_RETAIN_SELF = YES;
				CLANG_WARN_OBJC_LITERAL_CONVERSION = YES;
				CLANG_WARN_OBJC_ROOT_CLASS = YES_ERROR;
				CLANG_WARN_QUOTED_INCLUDE_IN_FRAMEWORK_HEADER = YES;
				CLANG_WARN_RANGE_LOOP_ANALYSIS = YES;
				CLANG_WARN_STRICT_PROTOTYPES = YES;
				CLANG_WARN_SUSPICIOUS_MOVE = YES;
				CLANG_WARN_UNGUARDED_AVAILABILITY = YES_AGGRESSIVE;
				CLANG_WARN_UNREACHABLE_CODE = YES;
				CLANG_WARN__DUPLICATE_METHOD_MATCH = YES;
				COPY_PHASE_STRIP = NO;
				DEBUG_INFORMATION_FORMAT = "dwarf-with-dsym";
				ENABLE_NS_ASSERTIONS = NO;
				ENABLE_STRICT_OBJC_MSGSEND = YES;
				GCC_C_LANGUAGE_STANDARD = gnu11;
				GCC_NO_COMMON_BLOCKS = YES;
				GCC_WARN_64_TO_32_BIT_CONVERSION = YES;
				GCC_WARN_ABOUT_RETURN_TYPE = YES_ERROR;
				GCC_WARN_UNDECLARED_SELECTOR = YES;
				GCC_WARN_UNINITIALIZED_AUTOS = YES_AGGRESSIVE;
				GCC_WARN_UNUSED_FUNCTION = YES;
				GCC_WARN_UNUSED_VARIABLE = YES;
				MTL_ENABLE_DEBUG_INFO = NO;
				MTL_FAST_MATH = YES;
				SWIFT_COMPILATION_MODE = wholemodule;
				SWIFT_OPTIMIZATION_LEVEL = "-O";
			};
			name = Release;
		};
		4A72B30B28722397009D57E6 /* Debug */ = {
			isa = XCBuildConfiguration;
			buildSettings = {
				ASSETCATALOG_COMPILER_APPICON_NAME = AppIcon;
				ASSETCATALOG_COMPILER_GLOBAL_ACCENT_COLOR_NAME = AccentColor;
				CODE_SIGN_STYLE = Automatic;
				CURRENT_PROJECT_VERSION = 1;
				DEVELOPMENT_TEAM = 87JQ47AYTP;
				ENABLE_PREVIEWS = YES;
				GENERATE_INFOPLIST_FILE = YES;
				INFOPLIST_KEY_UIApplicationSceneManifest_Generation = YES;
				INFOPLIST_KEY_UIApplicationSupportsIndirectInputEvents = YES;
				INFOPLIST_KEY_UILaunchScreen_Generation = YES;
				INFOPLIST_KEY_UISupportedInterfaceOrientations_iPad = "UIInterfaceOrientationPortrait UIInterfaceOrientationPortraitUpsideDown UIInterfaceOrientationLandscapeLeft UIInterfaceOrientationLandscapeRight";
				INFOPLIST_KEY_UISupportedInterfaceOrientations_iPhone = "UIInterfaceOrientationPortrait UIInterfaceOrientationLandscapeLeft UIInterfaceOrientationLandscapeRight";
				IPHONEOS_DEPLOYMENT_TARGET = 15.5;
				LD_RUNPATH_SEARCH_PATHS = (
					"$(inherited)",
					"@executable_path/Frameworks",
				);
				MARKETING_VERSION = 1.0;
				PRODUCT_BUNDLE_IDENTIFIER = com.abidemiope.reggie;
				PRODUCT_NAME = reggie;
				SDKROOT = iphoneos;
				SWIFT_EMIT_LOC_STRINGS = YES;
				SWIFT_VERSION = 5.0;
				TARGETED_DEVICE_FAMILY = "1,2";
			};
			name = Debug;
		};
		4A72B30C28722397009D57E6 /* Release */ = {
			isa = XCBuildConfiguration;
			buildSettings = {
				ASSETCATALOG_COMPILER_APPICON_NAME = AppIcon;
				ASSETCATALOG_COMPILER_GLOBAL_ACCENT_COLOR_NAME = AccentColor;
				CODE_SIGN_STYLE = Automatic;
				CURRENT_PROJECT_VERSION = 1;
				DEVELOPMENT_TEAM = 87JQ47AYTP;
				ENABLE_PREVIEWS = YES;
				GENERATE_INFOPLIST_FILE = YES;
				INFOPLIST_KEY_UIApplicationSceneManifest_Generation = YES;
				INFOPLIST_KEY_UIApplicationSupportsIndirectInputEvents = YES;
				INFOPLIST_KEY_UILaunchScreen_Generation = YES;
				INFOPLIST_KEY_UISupportedInterfaceOrientations_iPad = "UIInterfaceOrientationPortrait UIInterfaceOrientationPortraitUpsideDown UIInterfaceOrientationLandscapeLeft UIInterfaceOrientationLandscapeRight";
				INFOPLIST_KEY_UISupportedInterfaceOrientations_iPhone = "UIInterfaceOrientationPortrait UIInterfaceOrientationLandscapeLeft UIInterfaceOrientationLandscapeRight";
				IPHONEOS_DEPLOYMENT_TARGET = 15.5;
				LD_RUNPATH_SEARCH_PATHS = (
					"$(inherited)",
					"@executable_path/Frameworks",
				);
				MARKETING_VERSION = 1.0;
				PRODUCT_BUNDLE_IDENTIFIER = com.abidemiope.reggie;
				PRODUCT_NAME = reggie;
				SDKROOT = iphoneos;
				SWIFT_EMIT_LOC_STRINGS = YES;
				SWIFT_VERSION = 5.0;
				TARGETED_DEVICE_FAMILY = "1,2";
				VALIDATE_PRODUCT = YES;
			};
			name = Release;
		};
		4A72B30E28722397009D57E6 /* Debug */ = {
			isa = XCBuildConfiguration;
			buildSettings = {
				ASSETCATALOG_COMPILER_APPICON_NAME = AppIcon;
				ASSETCATALOG_COMPILER_GLOBAL_ACCENT_COLOR_NAME = AccentColor;
				CODE_SIGN_ENTITLEMENTS = macOS/macOS.entitlements;
				CODE_SIGN_STYLE = Automatic;
				COMBINE_HIDPI_IMAGES = YES;
				CURRENT_PROJECT_VERSION = 1;
				DEVELOPMENT_TEAM = 87JQ47AYTP;
				ENABLE_HARDENED_RUNTIME = YES;
				ENABLE_PREVIEWS = YES;
				GENERATE_INFOPLIST_FILE = YES;
				INFOPLIST_KEY_NSHumanReadableCopyright = "";
				LD_RUNPATH_SEARCH_PATHS = (
					"$(inherited)",
					"@executable_path/../Frameworks",
				);
				MACOSX_DEPLOYMENT_TARGET = 12.3;
				MARKETING_VERSION = 1.0;
				PRODUCT_BUNDLE_IDENTIFIER = com.abidemiope.reggie;
				PRODUCT_NAME = reggie;
				SDKROOT = macosx;
				SWIFT_EMIT_LOC_STRINGS = YES;
				SWIFT_VERSION = 5.0;
			};
			name = Debug;
		};
		4A72B30F28722397009D57E6 /* Release */ = {
			isa = XCBuildConfiguration;
			buildSettings = {
				ASSETCATALOG_COMPILER_APPICON_NAME = AppIcon;
				ASSETCATALOG_COMPILER_GLOBAL_ACCENT_COLOR_NAME = AccentColor;
				CODE_SIGN_ENTITLEMENTS = macOS/macOS.entitlements;
				CODE_SIGN_STYLE = Automatic;
				COMBINE_HIDPI_IMAGES = YES;
				CURRENT_PROJECT_VERSION = 1;
				DEVELOPMENT_TEAM = 87JQ47AYTP;
				ENABLE_HARDENED_RUNTIME = YES;
				ENABLE_PREVIEWS = YES;
				GENERATE_INFOPLIST_FILE = YES;
				INFOPLIST_KEY_NSHumanReadableCopyright = "";
				LD_RUNPATH_SEARCH_PATHS = (
					"$(inherited)",
					"@executable_path/../Frameworks",
				);
				MACOSX_DEPLOYMENT_TARGET = 12.3;
				MARKETING_VERSION = 1.0;
				PRODUCT_BUNDLE_IDENTIFIER = com.abidemiope.reggie;
				PRODUCT_NAME = reggie;
				SDKROOT = macosx;
				SWIFT_EMIT_LOC_STRINGS = YES;
				SWIFT_VERSION = 5.0;
			};
			name = Release;
		};
		4A72B31128722397009D57E6 /* Debug */ = {
			isa = XCBuildConfiguration;
			buildSettings = {
				ALWAYS_EMBED_SWIFT_STANDARD_LIBRARIES = YES;
				CODE_SIGN_STYLE = Automatic;
				CURRENT_PROJECT_VERSION = 1;
				DEVELOPMENT_TEAM = 87JQ47AYTP;
				GENERATE_INFOPLIST_FILE = YES;
				IPHONEOS_DEPLOYMENT_TARGET = 15.5;
				MARKETING_VERSION = 1.0;
				PRODUCT_BUNDLE_IDENTIFIER = "com.abidemiope.Tests-iOS";
				PRODUCT_NAME = "$(TARGET_NAME)";
				SDKROOT = iphoneos;
				SWIFT_EMIT_LOC_STRINGS = NO;
				SWIFT_VERSION = 5.0;
				TARGETED_DEVICE_FAMILY = "1,2";
				TEST_TARGET_NAME = "reggie (iOS)";
			};
			name = Debug;
		};
		4A72B31228722397009D57E6 /* Release */ = {
			isa = XCBuildConfiguration;
			buildSettings = {
				ALWAYS_EMBED_SWIFT_STANDARD_LIBRARIES = YES;
				CODE_SIGN_STYLE = Automatic;
				CURRENT_PROJECT_VERSION = 1;
				DEVELOPMENT_TEAM = 87JQ47AYTP;
				GENERATE_INFOPLIST_FILE = YES;
				IPHONEOS_DEPLOYMENT_TARGET = 15.5;
				MARKETING_VERSION = 1.0;
				PRODUCT_BUNDLE_IDENTIFIER = "com.abidemiope.Tests-iOS";
				PRODUCT_NAME = "$(TARGET_NAME)";
				SDKROOT = iphoneos;
				SWIFT_EMIT_LOC_STRINGS = NO;
				SWIFT_VERSION = 5.0;
				TARGETED_DEVICE_FAMILY = "1,2";
				TEST_TARGET_NAME = "reggie (iOS)";
				VALIDATE_PRODUCT = YES;
			};
			name = Release;
		};
		4A72B31428722397009D57E6 /* Debug */ = {
			isa = XCBuildConfiguration;
			buildSettings = {
				ALWAYS_EMBED_SWIFT_STANDARD_LIBRARIES = YES;
				CODE_SIGN_STYLE = Automatic;
				CURRENT_PROJECT_VERSION = 1;
				DEVELOPMENT_TEAM = 87JQ47AYTP;
				GENERATE_INFOPLIST_FILE = YES;
				MACOSX_DEPLOYMENT_TARGET = 12.3;
				MARKETING_VERSION = 1.0;
				PRODUCT_BUNDLE_IDENTIFIER = "com.abidemiope.Tests-macOS";
				PRODUCT_NAME = "$(TARGET_NAME)";
				SDKROOT = macosx;
				SWIFT_EMIT_LOC_STRINGS = NO;
				SWIFT_VERSION = 5.0;
				TEST_TARGET_NAME = "reggie (macOS)";
			};
			name = Debug;
		};
		4A72B31528722397009D57E6 /* Release */ = {
			isa = XCBuildConfiguration;
			buildSettings = {
				ALWAYS_EMBED_SWIFT_STANDARD_LIBRARIES = YES;
				CODE_SIGN_STYLE = Automatic;
				CURRENT_PROJECT_VERSION = 1;
				DEVELOPMENT_TEAM = 87JQ47AYTP;
				GENERATE_INFOPLIST_FILE = YES;
				MACOSX_DEPLOYMENT_TARGET = 12.3;
				MARKETING_VERSION = 1.0;
				PRODUCT_BUNDLE_IDENTIFIER = "com.abidemiope.Tests-macOS";
				PRODUCT_NAME = "$(TARGET_NAME)";
				SDKROOT = macosx;
				SWIFT_EMIT_LOC_STRINGS = NO;
				SWIFT_VERSION = 5.0;
				TEST_TARGET_NAME = "reggie (macOS)";
			};
			name = Release;
		};
/* End XCBuildConfiguration section */

/* Begin XCConfigurationList section */
		4A72B2D828722393009D57E6 /* Build configuration list for PBXProject "reggie" */ = {
			isa = XCConfigurationList;
			buildConfigurations = (
				4A72B30828722397009D57E6 /* Debug */,
				4A72B30928722397009D57E6 /* Release */,
			);
			defaultConfigurationIsVisible = 0;
			defaultConfigurationName = Release;
		};
		4A72B30A28722397009D57E6 /* Build configuration list for PBXNativeTarget "reggie (iOS)" */ = {
			isa = XCConfigurationList;
			buildConfigurations = (
				4A72B30B28722397009D57E6 /* Debug */,
				4A72B30C28722397009D57E6 /* Release */,
			);
			defaultConfigurationIsVisible = 0;
			defaultConfigurationName = Release;
		};
		4A72B30D28722397009D57E6 /* Build configuration list for PBXNativeTarget "reggie (macOS)" */ = {
			isa = XCConfigurationList;
			buildConfigurations = (
				4A72B30E28722397009D57E6 /* Debug */,
				4A72B30F28722397009D57E6 /* Release */,
			);
			defaultConfigurationIsVisible = 0;
			defaultConfigurationName = Release;
		};
		4A72B31028722397009D57E6 /* Build configuration list for PBXNativeTarget "Tests iOS" */ = {
			isa = XCConfigurationList;
			buildConfigurations = (
				4A72B31128722397009D57E6 /* Debug */,
				4A72B31228722397009D57E6 /* Release */,
			);
			defaultConfigurationIsVisible = 0;
			defaultConfigurationName = Release;
		};
		4A72B31328722397009D57E6 /* Build configuration list for PBXNativeTarget "Tests macOS" */ = {
			isa = XCConfigurationList;
			buildConfigurations = (
				4A72B31428722397009D57E6 /* Debug */,
				4A72B31528722397009D57E6 /* Release */,
			);
			defaultConfigurationIsVisible = 0;
			defaultConfigurationName = Release;
		};
/* End XCConfigurationList section */
	};
	rootObject = 4A72B2D528722393009D57E6 /* Project object */;
}
